// !$*UTF8*$!
{
	archiveVersion = 1;
	classes = {
	};
	objectVersion = 56;
	objects = {

/* Begin PBXBuildFile section */
		181588F12BA1BC2700C523DE /* DBManager.swift in Sources */ = {isa = PBXBuildFile; fileRef = 181588F02BA1BC2700C523DE /* DBManager.swift */; };
		181588F32BA1BF7700C523DE /* VC + Alert.swift in Sources */ = {isa = PBXBuildFile; fileRef = 181588F22BA1BF7700C523DE /* VC + Alert.swift */; };
		189223172BA1A35900FCBEF2 /* AppDelegate.swift in Sources */ = {isa = PBXBuildFile; fileRef = 189223162BA1A35900FCBEF2 /* AppDelegate.swift */; };
		189223192BA1A35900FCBEF2 /* SceneDelegate.swift in Sources */ = {isa = PBXBuildFile; fileRef = 189223182BA1A35900FCBEF2 /* SceneDelegate.swift */; };
		1892231B2BA1A35900FCBEF2 /* ViewController.swift in Sources */ = {isa = PBXBuildFile; fileRef = 1892231A2BA1A35900FCBEF2 /* ViewController.swift */; };
		1892231E2BA1A35900FCBEF2 /* Main.storyboard in Resources */ = {isa = PBXBuildFile; fileRef = 1892231C2BA1A35900FCBEF2 /* Main.storyboard */; };
		189223212BA1A35900FCBEF2 /* SecretNoteBox.xcdatamodeld in Sources */ = {isa = PBXBuildFile; fileRef = 1892231F2BA1A35900FCBEF2 /* SecretNoteBox.xcdatamodeld */; };
		189223232BA1A35B00FCBEF2 /* Assets.xcassets in Resources */ = {isa = PBXBuildFile; fileRef = 189223222BA1A35B00FCBEF2 /* Assets.xcassets */; };
		189223262BA1A35B00FCBEF2 /* LaunchScreen.storyboard in Resources */ = {isa = PBXBuildFile; fileRef = 189223242BA1A35B00FCBEF2 /* LaunchScreen.storyboard */; };
		1892232F2BA1A69000FCBEF2 /* Notes+CoreDataClass.swift in Sources */ = {isa = PBXBuildFile; fileRef = 1892232D2BA1A69000FCBEF2 /* Notes+CoreDataClass.swift */; };
		189223302BA1A69000FCBEF2 /* Notes+CoreDataProperties.swift in Sources */ = {isa = PBXBuildFile; fileRef = 1892232E2BA1A69000FCBEF2 /* Notes+CoreDataProperties.swift */; };
		189223322BA1A9B600FCBEF2 /* Shadow + Ext.swift in Sources */ = {isa = PBXBuildFile; fileRef = 189223312BA1A9B600FCBEF2 /* Shadow + Ext.swift */; };
		189223342BA1AEBC00FCBEF2 /* HomeVC.swift in Sources */ = {isa = PBXBuildFile; fileRef = 189223332BA1AEBC00FCBEF2 /* HomeVC.swift */; };
		189223382BA1AF8B00FCBEF2 /* Gif + Ext.swift in Sources */ = {isa = PBXBuildFile; fileRef = 189223372BA1AF8B00FCBEF2 /* Gif + Ext.swift */; };
		1892233C2BA1B33A00FCBEF2 /* SecretNoteBox.gif in Resources */ = {isa = PBXBuildFile; fileRef = 1892233B2BA1B33A00FCBEF2 /* SecretNoteBox.gif */; };
		1892233E2BA1B40C00FCBEF2 /* MyNotesVC.swift in Sources */ = {isa = PBXBuildFile; fileRef = 1892233D2BA1B40C00FCBEF2 /* MyNotesVC.swift */; };
		9077B0192BA2B9660028411A /* AddNoteVC.swift in Sources */ = {isa = PBXBuildFile; fileRef = 9077B0182BA2B9660028411A /* AddNoteVC.swift */; };
		90D255EC2BA30CF200BDF039 /* f1.gif in Resources */ = {isa = PBXBuildFile; fileRef = 90D255EB2BA30CF200BDF039 /* f1.gif */; };
		90D255EE2BA318E400BDF039 /* NoteDescVC.swift in Sources */ = {isa = PBXBuildFile; fileRef = 90D255ED2BA318E400BDF039 /* NoteDescVC.swift */; };
/* End PBXBuildFile section */

/* Begin PBXFileReference section */
		181588F02BA1BC2700C523DE /* DBManager.swift */ = {isa = PBXFileReference; lastKnownFileType = sourcecode.swift; path = DBManager.swift; sourceTree = "<group>"; };
		181588F22BA1BF7700C523DE /* VC + Alert.swift */ = {isa = PBXFileReference; lastKnownFileType = sourcecode.swift; path = "VC + Alert.swift"; sourceTree = "<group>"; };
		189223132BA1A35900FCBEF2 /* SecretNoteBox.app */ = {isa = PBXFileReference; explicitFileType = wrapper.application; includeInIndex = 0; path = SecretNoteBox.app; sourceTree = BUILT_PRODUCTS_DIR; };
		189223162BA1A35900FCBEF2 /* AppDelegate.swift */ = {isa = PBXFileReference; lastKnownFileType = sourcecode.swift; path = AppDelegate.swift; sourceTree = "<group>"; };
		189223182BA1A35900FCBEF2 /* SceneDelegate.swift */ = {isa = PBXFileReference; lastKnownFileType = sourcecode.swift; path = SceneDelegate.swift; sourceTree = "<group>"; };
		1892231A2BA1A35900FCBEF2 /* ViewController.swift */ = {isa = PBXFileReference; lastKnownFileType = sourcecode.swift; path = ViewController.swift; sourceTree = "<group>"; };
		1892231D2BA1A35900FCBEF2 /* Base */ = {isa = PBXFileReference; lastKnownFileType = file.storyboard; name = Base; path = Base.lproj/Main.storyboard; sourceTree = "<group>"; };
		189223202BA1A35900FCBEF2 /* SecretNoteBox.xcdatamodel */ = {isa = PBXFileReference; lastKnownFileType = wrapper.xcdatamodel; path = SecretNoteBox.xcdatamodel; sourceTree = "<group>"; };
		189223222BA1A35B00FCBEF2 /* Assets.xcassets */ = {isa = PBXFileReference; lastKnownFileType = folder.assetcatalog; path = Assets.xcassets; sourceTree = "<group>"; };
		189223252BA1A35B00FCBEF2 /* Base */ = {isa = PBXFileReference; lastKnownFileType = file.storyboard; name = Base; path = Base.lproj/LaunchScreen.storyboard; sourceTree = "<group>"; };
		189223272BA1A35B00FCBEF2 /* Info.plist */ = {isa = PBXFileReference; lastKnownFileType = text.plist.xml; path = Info.plist; sourceTree = "<group>"; };
		1892232D2BA1A69000FCBEF2 /* Notes+CoreDataClass.swift */ = {isa = PBXFileReference; lastKnownFileType = sourcecode.swift; path = "Notes+CoreDataClass.swift"; sourceTree = "<group>"; };
		1892232E2BA1A69000FCBEF2 /* Notes+CoreDataProperties.swift */ = {isa = PBXFileReference; lastKnownFileType = sourcecode.swift; path = "Notes+CoreDataProperties.swift"; sourceTree = "<group>"; };
		189223312BA1A9B600FCBEF2 /* Shadow + Ext.swift */ = {isa = PBXFileReference; lastKnownFileType = sourcecode.swift; path = "Shadow + Ext.swift"; sourceTree = "<group>"; };
		189223332BA1AEBC00FCBEF2 /* HomeVC.swift */ = {isa = PBXFileReference; lastKnownFileType = sourcecode.swift; path = HomeVC.swift; sourceTree = "<group>"; };
		189223372BA1AF8B00FCBEF2 /* Gif + Ext.swift */ = {isa = PBXFileReference; lastKnownFileType = sourcecode.swift; path = "Gif + Ext.swift"; sourceTree = "<group>"; };
		1892233B2BA1B33A00FCBEF2 /* SecretNoteBox.gif */ = {isa = PBXFileReference; lastKnownFileType = image.gif; path = SecretNoteBox.gif; sourceTree = "<group>"; };
		1892233D2BA1B40C00FCBEF2 /* MyNotesVC.swift */ = {isa = PBXFileReference; lastKnownFileType = sourcecode.swift; path = MyNotesVC.swift; sourceTree = "<group>"; };
		9077B0182BA2B9660028411A /* AddNoteVC.swift */ = {isa = PBXFileReference; lastKnownFileType = sourcecode.swift; path = AddNoteVC.swift; sourceTree = "<group>"; };
		90D255EB2BA30CF200BDF039 /* f1.gif */ = {isa = PBXFileReference; lastKnownFileType = image.gif; path = f1.gif; sourceTree = "<group>"; };
		90D255ED2BA318E400BDF039 /* NoteDescVC.swift */ = {isa = PBXFileReference; lastKnownFileType = sourcecode.swift; path = NoteDescVC.swift; sourceTree = "<group>"; };
/* End PBXFileReference section */

/* Begin PBXFrameworksBuildPhase section */
		189223102BA1A35900FCBEF2 /* Frameworks */ = {
			isa = PBXFrameworksBuildPhase;
			buildActionMask = 2147483647;
			files = (
			);
			runOnlyForDeploymentPostprocessing = 0;
		};
/* End PBXFrameworksBuildPhase section */

/* Begin PBXGroup section */
		1892230A2BA1A35900FCBEF2 = {
			isa = PBXGroup;
			children = (
				189223152BA1A35900FCBEF2 /* SecretNoteBox */,
				189223142BA1A35900FCBEF2 /* Products */,
			);
			sourceTree = "<group>";
		};
		189223142BA1A35900FCBEF2 /* Products */ = {
			isa = PBXGroup;
			children = (
				189223132BA1A35900FCBEF2 /* SecretNoteBox.app */,
			);
			name = Products;
			sourceTree = "<group>";
		};
		189223152BA1A35900FCBEF2 /* SecretNoteBox */ = {
			isa = PBXGroup;
			children = (
				189223162BA1A35900FCBEF2 /* AppDelegate.swift */,
				189223182BA1A35900FCBEF2 /* SceneDelegate.swift */,
				1892232D2BA1A69000FCBEF2 /* Notes+CoreDataClass.swift */,
				1892232E2BA1A69000FCBEF2 /* Notes+CoreDataProperties.swift */,
				181588F02BA1BC2700C523DE /* DBManager.swift */,
				1892231A2BA1A35900FCBEF2 /* ViewController.swift */,
				189223332BA1AEBC00FCBEF2 /* HomeVC.swift */,
				1892233D2BA1B40C00FCBEF2 /* MyNotesVC.swift */,
				9077B0182BA2B9660028411A /* AddNoteVC.swift */,
				90D255ED2BA318E400BDF039 /* NoteDescVC.swift */,
				189223312BA1A9B600FCBEF2 /* Shadow + Ext.swift */,
				181588F22BA1BF7700C523DE /* VC + Alert.swift */,
				189223372BA1AF8B00FCBEF2 /* Gif + Ext.swift */,
				1892231C2BA1A35900FCBEF2 /* Main.storyboard */,
				1892233B2BA1B33A00FCBEF2 /* SecretNoteBox.gif */,
				90D255EB2BA30CF200BDF039 /* f1.gif */,
				189223222BA1A35B00FCBEF2 /* Assets.xcassets */,
				189223242BA1A35B00FCBEF2 /* LaunchScreen.storyboard */,
				189223272BA1A35B00FCBEF2 /* Info.plist */,
				1892231F2BA1A35900FCBEF2 /* SecretNoteBox.xcdatamodeld */,
			);
			path = SecretNoteBox;
			sourceTree = "<group>";
		};
/* End PBXGroup section */

/* Begin PBXNativeTarget section */
		189223122BA1A35900FCBEF2 /* SecretNoteBox */ = {
			isa = PBXNativeTarget;
			buildConfigurationList = 1892232A2BA1A35B00FCBEF2 /* Build configuration list for PBXNativeTarget "SecretNoteBox" */;
			buildPhases = (
				1892230F2BA1A35900FCBEF2 /* Sources */,
				189223102BA1A35900FCBEF2 /* Frameworks */,
				189223112BA1A35900FCBEF2 /* Resources */,
			);
			buildRules = (
			);
			dependencies = (
			);
			name = SecretNoteBox;
			productName = SecretNoteBox;
			productReference = 189223132BA1A35900FCBEF2 /* SecretNoteBox.app */;
			productType = "com.apple.product-type.application";
		};
/* End PBXNativeTarget section */

/* Begin PBXProject section */
		1892230B2BA1A35900FCBEF2 /* Project object */ = {
			isa = PBXProject;
			attributes = {
				BuildIndependentTargetsInParallel = 1;
				LastSwiftUpdateCheck = 1430;
				LastUpgradeCheck = 1430;
				TargetAttributes = {
					189223122BA1A35900FCBEF2 = {
						CreatedOnToolsVersion = 14.3.1;
					};
				};
			};
			buildConfigurationList = 1892230E2BA1A35900FCBEF2 /* Build configuration list for PBXProject "SecretNoteBox" */;
			compatibilityVersion = "Xcode 14.0";
			developmentRegion = en;
			hasScannedForEncodings = 0;
			knownRegions = (
				en,
				Base,
			);
			mainGroup = 1892230A2BA1A35900FCBEF2;
			productRefGroup = 189223142BA1A35900FCBEF2 /* Products */;
			projectDirPath = "";
			projectRoot = "";
			targets = (
				189223122BA1A35900FCBEF2 /* SecretNoteBox */,
			);
		};
/* End PBXProject section */

/* Begin PBXResourcesBuildPhase section */
		189223112BA1A35900FCBEF2 /* Resources */ = {
			isa = PBXResourcesBuildPhase;
			buildActionMask = 2147483647;
			files = (
				90D255EC2BA30CF200BDF039 /* f1.gif in Resources */,
				189223262BA1A35B00FCBEF2 /* LaunchScreen.storyboard in Resources */,
				189223232BA1A35B00FCBEF2 /* Assets.xcassets in Resources */,
				1892233C2BA1B33A00FCBEF2 /* SecretNoteBox.gif in Resources */,
				1892231E2BA1A35900FCBEF2 /* Main.storyboard in Resources */,
			);
			runOnlyForDeploymentPostprocessing = 0;
		};
/* End PBXResourcesBuildPhase section */

/* Begin PBXSourcesBuildPhase section */
		1892230F2BA1A35900FCBEF2 /* Sources */ = {
			isa = PBXSourcesBuildPhase;
			buildActionMask = 2147483647;
			files = (
				9077B0192BA2B9660028411A /* AddNoteVC.swift in Sources */,
				189223382BA1AF8B00FCBEF2 /* Gif + Ext.swift in Sources */,
				1892231B2BA1A35900FCBEF2 /* ViewController.swift in Sources */,
				90D255EE2BA318E400BDF039 /* NoteDescVC.swift in Sources */,
				189223342BA1AEBC00FCBEF2 /* HomeVC.swift in Sources */,
				189223172BA1A35900FCBEF2 /* AppDelegate.swift in Sources */,
				189223192BA1A35900FCBEF2 /* SceneDelegate.swift in Sources */,
				189223302BA1A69000FCBEF2 /* Notes+CoreDataProperties.swift in Sources */,
				1892233E2BA1B40C00FCBEF2 /* MyNotesVC.swift in Sources */,
				189223322BA1A9B600FCBEF2 /* Shadow + Ext.swift in Sources */,
				1892232F2BA1A69000FCBEF2 /* Notes+CoreDataClass.swift in Sources */,
				189223212BA1A35900FCBEF2 /* SecretNoteBox.xcdatamodeld in Sources */,
				181588F12BA1BC2700C523DE /* DBManager.swift in Sources */,
				181588F32BA1BF7700C523DE /* VC + Alert.swift in Sources */,
			);
			runOnlyForDeploymentPostprocessing = 0;
		};
/* End PBXSourcesBuildPhase section */

/* Begin PBXVariantGroup section */
		1892231C2BA1A35900FCBEF2 /* Main.storyboard */ = {
			isa = PBXVariantGroup;
			children = (
				1892231D2BA1A35900FCBEF2 /* Base */,
			);
			name = Main.storyboard;
			sourceTree = "<group>";
		};
		189223242BA1A35B00FCBEF2 /* LaunchScreen.storyboard */ = {
			isa = PBXVariantGroup;
			children = (
				189223252BA1A35B00FCBEF2 /* Base */,
			);
			name = LaunchScreen.storyboard;
			sourceTree = "<group>";
		};
/* End PBXVariantGroup section */

/* Begin XCBuildConfiguration section */
		189223282BA1A35B00FCBEF2 /* Debug */ = {
			isa = XCBuildConfiguration;
			buildSettings = {
				ALWAYS_SEARCH_USER_PATHS = NO;
				CLANG_ANALYZER_NONNULL = YES;
				CLANG_ANALYZER_NUMBER_OBJECT_CONVERSION = YES_AGGRESSIVE;
				CLANG_CXX_LANGUAGE_STANDARD = "gnu++20";
				CLANG_ENABLE_MODULES = YES;
				CLANG_ENABLE_OBJC_ARC = YES;
				CLANG_ENABLE_OBJC_WEAK = YES;
				CLANG_WARN_BLOCK_CAPTURE_AUTORELEASING = YES;
				CLANG_WARN_BOOL_CONVERSION = YES;
				CLANG_WARN_COMMA = YES;
				CLANG_WARN_CONSTANT_CONVERSION = YES;
				CLANG_WARN_DEPRECATED_OBJC_IMPLEMENTATIONS = YES;
				CLANG_WARN_DIRECT_OBJC_ISA_USAGE = YES_ERROR;
				CLANG_WARN_DOCUMENTATION_COMMENTS = YES;
				CLANG_WARN_EMPTY_BODY = YES;
				CLANG_WARN_ENUM_CONVERSION = YES;
				CLANG_WARN_INFINITE_RECURSION = YES;
				CLANG_WARN_INT_CONVERSION = YES;
				CLANG_WARN_NON_LITERAL_NULL_CONVERSION = YES;
				CLANG_WARN_OBJC_IMPLICIT_RETAIN_SELF = YES;
				CLANG_WARN_OBJC_LITERAL_CONVERSION = YES;
				CLANG_WARN_OBJC_ROOT_CLASS = YES_ERROR;
				CLANG_WARN_QUOTED_INCLUDE_IN_FRAMEWORK_HEADER = YES;
				CLANG_WARN_RANGE_LOOP_ANALYSIS = YES;
				CLANG_WARN_STRICT_PROTOTYPES = YES;
				CLANG_WARN_SUSPICIOUS_MOVE = YES;
				CLANG_WARN_UNGUARDED_AVAILABILITY = YES_AGGRESSIVE;
				CLANG_WARN_UNREACHABLE_CODE = YES;
				CLANG_WARN__DUPLICATE_METHOD_MATCH = YES;
				COPY_PHASE_STRIP = NO;
				DEBUG_INFORMATION_FORMAT = dwarf;
				ENABLE_STRICT_OBJC_MSGSEND = YES;
				ENABLE_TESTABILITY = YES;
				GCC_C_LANGUAGE_STANDARD = gnu11;
				GCC_DYNAMIC_NO_PIC = NO;
				GCC_NO_COMMON_BLOCKS = YES;
				GCC_OPTIMIZATION_LEVEL = 0;
				GCC_PREPROCESSOR_DEFINITIONS = (
					"DEBUG=1",
					"$(inherited)",
				);
				GCC_WARN_64_TO_32_BIT_CONVERSION = YES;
				GCC_WARN_ABOUT_RETURN_TYPE = YES_ERROR;
				GCC_WARN_UNDECLARED_SELECTOR = YES;
				GCC_WARN_UNINITIALIZED_AUTOS = YES_AGGRESSIVE;
				GCC_WARN_UNUSED_FUNCTION = YES;
				GCC_WARN_UNUSED_VARIABLE = YES;
				IPHONEOS_DEPLOYMENT_TARGET = 16.4;
				MTL_ENABLE_DEBUG_INFO = INCLUDE_SOURCE;
				MTL_FAST_MATH = YES;
				ONLY_ACTIVE_ARCH = YES;
				SDKROOT = iphoneos;
				SWIFT_ACTIVE_COMPILATION_CONDITIONS = DEBUG;
				SWIFT_OPTIMIZATION_LEVEL = "-Onone";
			};
			name = Debug;
		};
		189223292BA1A35B00FCBEF2 /* Release */ = {
			isa = XCBuildConfiguration;
			buildSettings = {
				ALWAYS_SEARCH_USER_PATHS = NO;
				CLANG_ANALYZER_NONNULL = YES;
				CLANG_ANALYZER_NUMBER_OBJECT_CONVERSION = YES_AGGRESSIVE;
				CLANG_CXX_LANGUAGE_STANDARD = "gnu++20";
				CLANG_ENABLE_MODULES = YES;
				CLANG_ENABLE_OBJC_ARC = YES;
				CLANG_ENABLE_OBJC_WEAK = YES;
				CLANG_WARN_BLOCK_CAPTURE_AUTORELEASING = YES;
				CLANG_WARN_BOOL_CONVERSION = YES;
				CLANG_WARN_COMMA = YES;
				CLANG_WARN_CONSTANT_CONVERSION = YES;
				CLANG_WARN_DEPRECATED_OBJC_IMPLEMENTATIONS = YES;
				CLANG_WARN_DIRECT_OBJC_ISA_USAGE = YES_ERROR;
				CLANG_WARN_DOCUMENTATION_COMMENTS = YES;
				CLANG_WARN_EMPTY_BODY = YES;
				CLANG_WARN_ENUM_CONVERSION = YES;
				CLANG_WARN_INFINITE_RECURSION = YES;
				CLANG_WARN_INT_CONVERSION = YES;
				CLANG_WARN_NON_LITERAL_NULL_CONVERSION = YES;
				CLANG_WARN_OBJC_IMPLICIT_RETAIN_SELF = YES;
				CLANG_WARN_OBJC_LITERAL_CONVERSION = YES;
				CLANG_WARN_OBJC_ROOT_CLASS = YES_ERROR;
				CLANG_WARN_QUOTED_INCLUDE_IN_FRAMEWORK_HEADER = YES;
				CLANG_WARN_RANGE_LOOP_ANALYSIS = YES;
				CLANG_WARN_STRICT_PROTOTYPES = YES;
				CLANG_WARN_SUSPICIOUS_MOVE = YES;
				CLANG_WARN_UNGUARDED_AVAILABILITY = YES_AGGRESSIVE;
				CLANG_WARN_UNREACHABLE_CODE = YES;
				CLANG_WARN__DUPLICATE_METHOD_MATCH = YES;
				COPY_PHASE_STRIP = NO;
				DEBUG_INFORMATION_FORMAT = "dwarf-with-dsym";
				ENABLE_NS_ASSERTIONS = NO;
				ENABLE_STRICT_OBJC_MSGSEND = YES;
				GCC_C_LANGUAGE_STANDARD = gnu11;
				GCC_NO_COMMON_BLOCKS = YES;
				GCC_WARN_64_TO_32_BIT_CONVERSION = YES;
				GCC_WARN_ABOUT_RETURN_TYPE = YES_ERROR;
				GCC_WARN_UNDECLARED_SELECTOR = YES;
				GCC_WARN_UNINITIALIZED_AUTOS = YES_AGGRESSIVE;
				GCC_WARN_UNUSED_FUNCTION = YES;
				GCC_WARN_UNUSED_VARIABLE = YES;
				IPHONEOS_DEPLOYMENT_TARGET = 16.4;
				MTL_ENABLE_DEBUG_INFO = NO;
				MTL_FAST_MATH = YES;
				SDKROOT = iphoneos;
				SWIFT_COMPILATION_MODE = wholemodule;
				SWIFT_OPTIMIZATION_LEVEL = "-O";
				VALIDATE_PRODUCT = YES;
			};
			name = Release;
		};
		1892232B2BA1A35B00FCBEF2 /* Debug */ = {
			isa = XCBuildConfiguration;
			buildSettings = {
				ASSETCATALOG_COMPILER_APPICON_NAME = AppIcon;
				ASSETCATALOG_COMPILER_GLOBAL_ACCENT_COLOR_NAME = AccentColor;
				CODE_SIGN_STYLE = Automatic;
				CURRENT_PROJECT_VERSION = 1;
				DEVELOPMENT_TEAM = BB2VJ49XJ3;
				GENERATE_INFOPLIST_FILE = YES;
				INFOPLIST_FILE = SecretNoteBox/Info.plist;
				INFOPLIST_KEY_UIApplicationSupportsIndirectInputEvents = YES;
				INFOPLIST_KEY_UILaunchStoryboardName = LaunchScreen;
				INFOPLIST_KEY_UIMainStoryboardFile = Main;
				INFOPLIST_KEY_UISupportedInterfaceOrientations = UIInterfaceOrientationPortrait;
				INFOPLIST_KEY_UISupportedInterfaceOrientations_iPad = "UIInterfaceOrientationLandscapeLeft UIInterfaceOrientationLandscapeRight UIInterfaceOrientationPortrait UIInterfaceOrientationPortraitUpsideDown";
				IPHONEOS_DEPLOYMENT_TARGET = 12.0;
				LD_RUNPATH_SEARCH_PATHS = (
					"$(inherited)",
					"@executable_path/Frameworks",
				);
				MARKETING_VERSION = 1.0;
				PRODUCT_BUNDLE_IDENTIFIER = app.com.hiren.DemoPractice1.SecretNoteBox;
				PRODUCT_NAME = "$(TARGET_NAME)";
				SUPPORTED_PLATFORMS = "iphoneos iphonesimulator";
				SUPPORTS_MACCATALYST = NO;
				SUPPORTS_MAC_DESIGNED_FOR_IPHONE_IPAD = NO;
				SUPPORTS_XR_DESIGNED_FOR_IPHONE_IPAD = NO;
				SWIFT_EMIT_LOC_STRINGS = YES;
				SWIFT_VERSION = 5.0;
				TARGETED_DEVICE_FAMILY = 1;
			};
			name = Debug;
		};
		1892232C2BA1A35B00FCBEF2 /* Release */ = {
			isa = XCBuildConfiguration;
			buildSettings = {
				ASSETCATALOG_COMPILER_APPICON_NAME = AppIcon;
				ASSETCATALOG_COMPILER_GLOBAL_ACCENT_COLOR_NAME = AccentColor;
				CODE_SIGN_STYLE = Automatic;
				CURRENT_PROJECT_VERSION = 1;
				DEVELOPMENT_TEAM = BB2VJ49XJ3;
				GENERATE_INFOPLIST_FILE = YES;
				INFOPLIST_FILE = SecretNoteBox/Info.plist;
				INFOPLIST_KEY_UIApplicationSupportsIndirectInputEvents = YES;
				INFOPLIST_KEY_UILaunchStoryboardName = LaunchScreen;
				INFOPLIST_KEY_UIMainStoryboardFile = Main;
				INFOPLIST_KEY_UISupportedInterfaceOrientations = UIInterfaceOrientationPortrait;
				INFOPLIST_KEY_UISupportedInterfaceOrientations_iPad = "UIInterfaceOrientationLandscapeLeft UIInterfaceOrientationLandscapeRight UIInterfaceOrientationPortrait UIInterfaceOrientationPortraitUpsideDown";
				IPHONEOS_DEPLOYMENT_TARGET = 12.0;
				LD_RUNPATH_SEARCH_PATHS = (
					"$(inherited)",
					"@executable_path/Frameworks",
				);
				MARKETING_VERSION = 1.0;
				PRODUCT_BUNDLE_IDENTIFIER = app.com.hiren.DemoPractice1.SecretNoteBox;
				PRODUCT_NAME = "$(TARGET_NAME)";
				SUPPORTED_PLATFORMS = "iphoneos iphonesimulator";
				SUPPORTS_MACCATALYST = NO;
				SUPPORTS_MAC_DESIGNED_FOR_IPHONE_IPAD = NO;
				SUPPORTS_XR_DESIGNED_FOR_IPHONE_IPAD = NO;
				SWIFT_EMIT_LOC_STRINGS = YES;
				SWIFT_VERSION = 5.0;
				TARGETED_DEVICE_FAMILY = 1;
			};
			name = Release;
		};
/* End XCBuildConfiguration section */

/* Begin XCConfigurationList section */
		1892230E2BA1A35900FCBEF2 /* Build configuration list for PBXProject "SecretNoteBox" */ = {
			isa = XCConfigurationList;
			buildConfigurations = (
				189223282BA1A35B00FCBEF2 /* Debug */,
				189223292BA1A35B00FCBEF2 /* Release */,
			);
			defaultConfigurationIsVisible = 0;
			defaultConfigurationName = Release;
		};
		1892232A2BA1A35B00FCBEF2 /* Build configuration list for PBXNativeTarget "SecretNoteBox" */ = {
			isa = XCConfigurationList;
			buildConfigurations = (
				1892232B2BA1A35B00FCBEF2 /* Debug */,
				1892232C2BA1A35B00FCBEF2 /* Release */,
			);
			defaultConfigurationIsVisible = 0;
			defaultConfigurationName = Release;
		};
/* End XCConfigurationList section */

/* Begin XCVersionGroup section */
		1892231F2BA1A35900FCBEF2 /* SecretNoteBox.xcdatamodeld */ = {
			isa = XCVersionGroup;
			children = (
				189223202BA1A35900FCBEF2 /* SecretNoteBox.xcdatamodel */,
			);
			currentVersion = 189223202BA1A35900FCBEF2 /* SecretNoteBox.xcdatamodel */;
			path = SecretNoteBox.xcdatamodeld;
			sourceTree = "<group>";
			versionGroupType = wrapper.xcdatamodel;
		};
/* End XCVersionGroup section */
	};
	rootObject = 1892230B2BA1A35900FCBEF2 /* Project object */;
}
